
Microsoft Visual Studio Solution File, Format Version 12.00
# Visual Studio 15
VisualStudioVersion = 15.0.26430.16
MinimumVisualStudioVersion = 10.0.40219.1
Project("{FAE04EC0-301F-11D3-BF4B-00C04F79EFBC}") = "Exatel.Rekrutacja.Frontend", "Exatel\Exatel.Rekrutacja.Frontend\Exatel.Rekrutacja.Frontend.csproj", "{7FF98FC0-3153-4D3E-9C95-EA107CC4665B}"
EndProject
Project("{FAE04EC0-301F-11D3-BF4B-00C04F79EFBC}") = "Exatel.Rekrutacja.Services", "Exatel\Exatel.Rekrutacja.Services\Exatel.Rekrutacja.Services.csproj", "{5A141E6E-6068-4958-B369-FDC3015EB227}"
EndProject
Global
	GlobalSection(SolutionConfigurationPlatforms) = preSolution
		Debug|Any CPU = Debug|Any CPU
		Release|Any CPU = Release|Any CPU
	EndGlobalSection
	GlobalSection(ProjectConfigurationPlatforms) = postSolution
		{7FF98FC0-3153-4D3E-9C95-EA107CC4665B}.Debug|Any CPU.ActiveCfg = Debug|Any CPU
		{7FF98FC0-3153-4D3E-9C95-EA107CC4665B}.Debug|Any CPU.Build.0 = Debug|Any CPU
		{7FF98FC0-3153-4D3E-9C95-EA107CC4665B}.Release|Any CPU.ActiveCfg = Release|Any CPU
		{7FF98FC0-3153-4D3E-9C95-EA107CC4665B}.Release|Any CPU.Build.0 = Release|Any CPU
		{5A141E6E-6068-4958-B369-FDC3015EB227}.Debug|Any CPU.ActiveCfg = Debug|Any CPU
		{5A141E6E-6068-4958-B369-FDC3015EB227}.Debug|Any CPU.Build.0 = Debug|Any CPU
		{5A141E6E-6068-4958-B369-FDC3015EB227}.Release|Any CPU.ActiveCfg = Release|Any CPU
		{5A141E6E-6068-4958-B369-FDC3015EB227}.Release|Any CPU.Build.0 = Release|Any CPU
	EndGlobalSection
	GlobalSection(SolutionProperties) = preSolution
		HideSolutionNode = FALSE
	EndGlobalSection
EndGlobal
